lockfileVersion: '9.0'

settings:
  autoInstallPeers: true
  excludeLinksFromLockfile: false

importers:

  .:
    dependencies:
      sonner:
        specifier: ^2.0.1
        version: 2.0.1(react-dom@19.0.0(react@19.0.0))(react@19.0.0)

packages:

  react-dom@19.0.0:
    resolution: {integrity: sha512-4GV5sHFG0e/0AD4X+ySy6UJd3jVl1iNsNHdpad0qhABJ11twS3TTBnseqsKurKcsNqCEFeGL3uLpVChpIO3QfQ==}
    peerDependencies:
      react: ^19.0.0

  react@19.0.0:
    resolution: {integrity: sha512-V8AVnmPIICiWpGfm6GLzCR/W5FXLchHop40W4nXBmdlEceh16rCN8O8LNWm5bh5XUX91fh7KpA+W0TgMKmgTpQ==}
    engines: {node: '>=0.10.0'}

  scheduler@0.25.0:
    resolution: {integrity: sha512-xFVuu11jh+xcO7JOAGJNOXld8/TcEHK/4CituBUeUb5hqxJLj9YuemAEuvm9gQ/+pgXYfbQuqAkiYu+u7YEsNA==}

  sonner@2.0.1:
    resolution: {integrity: sha512-FRBphaehZ5tLdLcQ8g2WOIRE+Y7BCfWi5Zyd8bCvBjiW8TxxAyoWZIxS661Yz6TGPqFQ4VLzOF89WEYhfynSFQ==}
    peerDependencies:
      react: ^18.0.0 || ^19.0.0 || ^19.0.0-rc
      react-dom: ^18.0.0 || ^19.0.0 || ^19.0.0-rc

snapshots:

  react-dom@19.0.0(react@19.0.0):
    dependencies:
      react: 19.0.0
      scheduler: 0.25.0

  react@19.0.0: {}

  scheduler@0.25.0: {}

  sonner@2.0.1(react-dom@19.0.0(react@19.0.0))(react@19.0.0):
    dependencies:
      react: 19.0.0
      react-dom: 19.0.0(react@19.0.0)
